// !$*UTF8*$!
{
	archiveVersion = 1;
	classes = {
	};
	objectVersion = 50;
	objects = {

/* Begin PBXBuildFile section */
		AE31180A21DE0D9C00F37154 /* AppDelegate.swift in Sources */ = {isa = PBXBuildFile; fileRef = AE31180921DE0D9C00F37154 /* AppDelegate.swift */; };
		AE31180C21DE0D9C00F37154 /* ViewController.swift in Sources */ = {isa = PBXBuildFile; fileRef = AE31180B21DE0D9C00F37154 /* ViewController.swift */; };
		AE31180F21DE0D9C00F37154 /* Main.storyboard in Resources */ = {isa = PBXBuildFile; fileRef = AE31180D21DE0D9C00F37154 /* Main.storyboard */; };
		AE31181121DE0D9E00F37154 /* Assets.xcassets in Resources */ = {isa = PBXBuildFile; fileRef = AE31181021DE0D9E00F37154 /* Assets.xcassets */; };
		AE31181421DE0D9E00F37154 /* LaunchScreen.storyboard in Resources */ = {isa = PBXBuildFile; fileRef = AE31181221DE0D9E00F37154 /* LaunchScreen.storyboard */; };
		AE70CFF9220C223A007214E2 /* FKViewController.swift in Sources */ = {isa = PBXBuildFile; fileRef = AE70CFF8220C223A007214E2 /* FKViewController.swift */; };
		AE70CFFB220C355A007214E2 /* helper.swift in Sources */ = {isa = PBXBuildFile; fileRef = AE70CFFA220C355A007214E2 /* helper.swift */; };
		AE70CFFD220C38C6007214E2 /* FKCollectionViewCell.swift in Sources */ = {isa = PBXBuildFile; fileRef = AE70CFFC220C38C6007214E2 /* FKCollectionViewCell.swift */; };
/* End PBXBuildFile section */

/* Begin PBXFileReference section */
		AE31180621DE0D9C00F37154 /* ScrollviewTrivago.app */ = {isa = PBXFileReference; explicitFileType = wrapper.application; includeInIndex = 0; path = ScrollviewTrivago.app; sourceTree = BUILT_PRODUCTS_DIR; };
		AE31180921DE0D9C00F37154 /* AppDelegate.swift */ = {isa = PBXFileReference; lastKnownFileType = sourcecode.swift; path = AppDelegate.swift; sourceTree = "<group>"; };
		AE31180B21DE0D9C00F37154 /* ViewController.swift */ = {isa = PBXFileReference; lastKnownFileType = sourcecode.swift; path = ViewController.swift; sourceTree = "<group>"; };
		AE31180E21DE0D9C00F37154 /* Base */ = {isa = PBXFileReference; lastKnownFileType = file.storyboard; name = Base; path = Base.lproj/Main.storyboard; sourceTree = "<group>"; };
		AE31181021DE0D9E00F37154 /* Assets.xcassets */ = {isa = PBXFileReference; lastKnownFileType = folder.assetcatalog; path = Assets.xcassets; sourceTree = "<group>"; };
		AE31181321DE0D9E00F37154 /* Base */ = {isa = PBXFileReference; lastKnownFileType = file.storyboard; name = Base; path = Base.lproj/LaunchScreen.storyboard; sourceTree = "<group>"; };
		AE31181521DE0D9E00F37154 /* Info.plist */ = {isa = PBXFileReference; lastKnownFileType = text.plist.xml; path = Info.plist; sourceTree = "<group>"; };
		AE70CFF8220C223A007214E2 /* FKViewController.swift */ = {isa = PBXFileReference; lastKnownFileType = sourcecode.swift; path = FKViewController.swift; sourceTree = "<group>"; };
		AE70CFFA220C355A007214E2 /* helper.swift */ = {isa = PBXFileReference; lastKnownFileType = sourcecode.swift; path = helper.swift; sourceTree = "<group>"; };
		AE70CFFC220C38C6007214E2 /* FKCollectionViewCell.swift */ = {isa = PBXFileReference; lastKnownFileType = sourcecode.swift; path = FKCollectionViewCell.swift; sourceTree = "<group>"; };
/* End PBXFileReference section */

/* Begin PBXFrameworksBuildPhase section */
		AE31180321DE0D9C00F37154 /* Frameworks */ = {
			isa = PBXFrameworksBuildPhase;
			buildActionMask = 2147483647;
			files = (
			);
			runOnlyForDeploymentPostprocessing = 0;
		};
/* End PBXFrameworksBuildPhase section */

/* Begin PBXGroup section */
		AE3117FD21DE0D9C00F37154 = {
			isa = PBXGroup;
			children = (
				AE31180821DE0D9C00F37154 /* ScrollviewTrivago */,
				AE31180721DE0D9C00F37154 /* Products */,
			);
			sourceTree = "<group>";
		};
		AE31180721DE0D9C00F37154 /* Products */ = {
			isa = PBXGroup;
			children = (
				AE31180621DE0D9C00F37154 /* ScrollviewTrivago.app */,
			);
			name = Products;
			sourceTree = "<group>";
		};
		AE31180821DE0D9C00F37154 /* ScrollviewTrivago */ = {
			isa = PBXGroup;
			children = (
				AE31180921DE0D9C00F37154 /* AppDelegate.swift */,
				AE70CFFC220C38C6007214E2 /* FKCollectionViewCell.swift */,
				AE70CFFA220C355A007214E2 /* helper.swift */,
				AE31180B21DE0D9C00F37154 /* ViewController.swift */,
				AE70CFF8220C223A007214E2 /* FKViewController.swift */,
				AE31180D21DE0D9C00F37154 /* Main.storyboard */,
				AE31181021DE0D9E00F37154 /* Assets.xcassets */,
				AE31181221DE0D9E00F37154 /* LaunchScreen.storyboard */,
				AE31181521DE0D9E00F37154 /* Info.plist */,
			);
			path = ScrollviewTrivago;
			sourceTree = "<group>";
		};
/* End PBXGroup section */

/* Begin PBXNativeTarget section */
		AE31180521DE0D9C00F37154 /* ScrollviewTrivago */ = {
			isa = PBXNativeTarget;
			buildConfigurationList = AE31181821DE0D9E00F37154 /* Build configuration list for PBXNativeTarget "ScrollviewTrivago" */;
			buildPhases = (
				AE31180221DE0D9C00F37154 /* Sources */,
				AE31180321DE0D9C00F37154 /* Frameworks */,
				AE31180421DE0D9C00F37154 /* Resources */,
			);
			buildRules = (
			);
			dependencies = (
			);
			name = ScrollviewTrivago;
			productName = ScrollviewTrivago;
			productReference = AE31180621DE0D9C00F37154 /* ScrollviewTrivago.app */;
			productType = "com.apple.product-type.application";
		};
/* End PBXNativeTarget section */

/* Begin PBXProject section */
		AE3117FE21DE0D9C00F37154 /* Project object */ = {
			isa = PBXProject;
			attributes = {
				LastSwiftUpdateCheck = 1010;
				LastUpgradeCheck = 1010;
				ORGANIZATIONNAME = wflogin;
				TargetAttributes = {
					AE31180521DE0D9C00F37154 = {
						CreatedOnToolsVersion = 10.1;
					};
				};
			};
			buildConfigurationList = AE31180121DE0D9C00F37154 /* Build configuration list for PBXProject "ScrollviewTrivago" */;
			compatibilityVersion = "Xcode 9.3";
			developmentRegion = en;
			hasScannedForEncodings = 0;
			knownRegions = (
				en,
				Base,
			);
			mainGroup = AE3117FD21DE0D9C00F37154;
			productRefGroup = AE31180721DE0D9C00F37154 /* Products */;
			projectDirPath = "";
			projectRoot = "";
			targets = (
				AE31180521DE0D9C00F37154 /* ScrollviewTrivago */,
			);
		};
/* End PBXProject section */

/* Begin PBXResourcesBuildPhase section */
		AE31180421DE0D9C00F37154 /* Resources */ = {
			isa = PBXResourcesBuildPhase;
			buildActionMask = 2147483647;
			files = (
				AE31181421DE0D9E00F37154 /* LaunchScreen.storyboard in Resources */,
				AE31181121DE0D9E00F37154 /* Assets.xcassets in Resources */,
				AE31180F21DE0D9C00F37154 /* Main.storyboard in Resources */,
			);
			runOnlyForDeploymentPostprocessing = 0;
		};
/* End PBXResourcesBuildPhase section */

/* Begin PBXSourcesBuildPhase section */
		AE31180221DE0D9C00F37154 /* Sources */ = {
			isa = PBXSourcesBuildPhase;
			buildActionMask = 2147483647;
			files = (
				AE31180C21DE0D9C00F37154 /* ViewController.swift in Sources */,
				AE31180A21DE0D9C00F37154 /* AppDelegate.swift in Sources */,
				AE70CFFD220C38C6007214E2 /* FKCollectionViewCell.swift in Sources */,
				AE70CFF9220C223A007214E2 /* FKViewController.swift in Sources */,
				AE70CFFB220C355A007214E2 /* helper.swift in Sources */,
			);
			runOnlyForDeploymentPostprocessing = 0;
		};
/* End PBXSourcesBuildPhase section */

/* Begin PBXVariantGroup section */
		AE31180D21DE0D9C00F37154 /* Main.storyboard */ = {
			isa = PBXVariantGroup;
			children = (
				AE31180E21DE0D9C00F37154 /* Base */,
			);
			name = Main.storyboard;
			sourceTree = "<group>";
		};
		AE31181221DE0D9E00F37154 /* LaunchScreen.storyboard */ = {
			isa = PBXVariantGroup;
			children = (
				AE31181321DE0D9E00F37154 /* Base */,
			);
			name = LaunchScreen.storyboard;
			sourceTree = "<group>";
		};
/* End PBXVariantGroup section */

/* Begin XCBuildConfiguration section */
		AE31181621DE0D9E00F37154 /* Debug */ = {
			isa = XCBuildConfiguration;
			buildSettings = {
				ALWAYS_SEARCH_USER_PATHS = NO;
				CLANG_ANALYZER_NONNULL = YES;
				CLANG_ANALYZER_NUMBER_OBJECT_CONVERSION = YES_AGGRESSIVE;
				CLANG_CXX_LANGUAGE_STANDARD = "gnu++14";
				CLANG_CXX_LIBRARY = "libc++";
				CLANG_ENABLE_MODULES = YES;
				CLANG_ENABLE_OBJC_ARC = YES;
				CLANG_ENABLE_OBJC_WEAK = YES;
				CLANG_WARN_BLOCK_CAPTURE_AUTORELEASING = YES;
				CLANG_WARN_BOOL_CONVERSION = YES;
				CLANG_WARN_COMMA = YES;
				CLANG_WARN_CONSTANT_CONVERSION = YES;
				CLANG_WARN_DEPRECATED_OBJC_IMPLEMENTATIONS = YES;
				CLANG_WARN_DIRECT_OBJC_ISA_USAGE = YES_ERROR;
				CLANG_WARN_DOCUMENTATION_COMMENTS = YES;
				CLANG_WARN_EMPTY_BODY = YES;
				CLANG_WARN_ENUM_CONVERSION = YES;
				CLANG_WARN_INFINITE_RECURSION = YES;
				CLANG_WARN_INT_CONVERSION = YES;
				CLANG_WARN_NON_LITERAL_NULL_CONVERSION = YES;
				CLANG_WARN_OBJC_IMPLICIT_RETAIN_SELF = YES;
				CLANG_WARN_OBJC_LITERAL_CONVERSION = YES;
				CLANG_WARN_OBJC_ROOT_CLASS = YES_ERROR;
				CLANG_WARN_RANGE_LOOP_ANALYSIS = YES;
				CLANG_WARN_STRICT_PROTOTYPES = YES;
				CLANG_WARN_SUSPICIOUS_MOVE = YES;
				CLANG_WARN_UNGUARDED_AVAILABILITY = YES_AGGRESSIVE;
				CLANG_WARN_UNREACHABLE_CODE = YES;
				CLANG_WARN__DUPLICATE_METHOD_MATCH = YES;
				CODE_SIGN_IDENTITY = "iPhone Developer";
				COPY_PHASE_STRIP = NO;
				DEBUG_INFORMATION_FORMAT = dwarf;
				ENABLE_STRICT_OBJC_MSGSEND = YES;
				ENABLE_TESTABILITY = YES;
				GCC_C_LANGUAGE_STANDARD = gnu11;
				GCC_DYNAMIC_NO_PIC = NO;
				GCC_NO_COMMON_BLOCKS = YES;
				GCC_OPTIMIZATION_LEVEL = 0;
				GCC_PREPROCESSOR_DEFINITIONS = (
					"DEBUG=1",
					"$(inherited)",
				);
				GCC_WARN_64_TO_32_BIT_CONVERSION = YES;
				GCC_WARN_ABOUT_RETURN_TYPE = YES_ERROR;
				GCC_WARN_UNDECLARED_SELECTOR = YES;
				GCC_WARN_UNINITIALIZED_AUTOS = YES_AGGRESSIVE;
				GCC_WARN_UNUSED_FUNCTION = YES;
				GCC_WARN_UNUSED_VARIABLE = YES;
				IPHONEOS_DEPLOYMENT_TARGET = 12.1;
				MTL_ENABLE_DEBUG_INFO = INCLUDE_SOURCE;
				MTL_FAST_MATH = YES;
				ONLY_ACTIVE_ARCH = YES;
				SDKROOT = iphoneos;
				SWIFT_ACTIVE_COMPILATION_CONDITIONS = DEBUG;
				SWIFT_OPTIMIZATION_LEVEL = "-Onone";
			};
			name = Debug;
		};
		AE31181721DE0D9E00F37154 /* Release */ = {
			isa = XCBuildConfiguration;
			buildSettings = {
				ALWAYS_SEARCH_USER_PATHS = NO;
				CLANG_ANALYZER_NONNULL = YES;
				CLANG_ANALYZER_NUMBER_OBJECT_CONVERSION = YES_AGGRESSIVE;
				CLANG_CXX_LANGUAGE_STANDARD = "gnu++14";
				CLANG_CXX_LIBRARY = "libc++";
				CLANG_ENABLE_MODULES = YES;
				CLANG_ENABLE_OBJC_ARC = YES;
				CLANG_ENABLE_OBJC_WEAK = YES;
				CLANG_WARN_BLOCK_CAPTURE_AUTORELEASING = YES;
				CLANG_WARN_BOOL_CONVERSION = YES;
				CLANG_WARN_COMMA = YES;
				CLANG_WARN_CONSTANT_CONVERSION = YES;
				CLANG_WARN_DEPRECATED_OBJC_IMPLEMENTATIONS = YES;
				CLANG_WARN_DIRECT_OBJC_ISA_USAGE = YES_ERROR;
				CLANG_WARN_DOCUMENTATION_COMMENTS = YES;
				CLANG_WARN_EMPTY_BODY = YES;
				CLANG_WARN_ENUM_CONVERSION = YES;
				CLANG_WARN_INFINITE_RECURSION = YES;
				CLANG_WARN_INT_CONVERSION = YES;
				CLANG_WARN_NON_LITERAL_NULL_CONVERSION = YES;
				CLANG_WARN_OBJC_IMPLICIT_RETAIN_SELF = YES;
				CLANG_WARN_OBJC_LITERAL_CONVERSION = YES;
				CLANG_WARN_OBJC_ROOT_CLASS = YES_ERROR;
				CLANG_WARN_RANGE_LOOP_ANALYSIS = YES;
				CLANG_WARN_STRICT_PROTOTYPES = YES;
				CLANG_WARN_SUSPICIOUS_MOVE = YES;
				CLANG_WARN_UNGUARDED_AVAILABILITY = YES_AGGRESSIVE;
				CLANG_WARN_UNREACHABLE_CODE = YES;
				CLANG_WARN__DUPLICATE_METHOD_MATCH = YES;
				CODE_SIGN_IDENTITY = "iPhone Developer";
				COPY_PHASE_STRIP = NO;
				DEBUG_INFORMATION_FORMAT = "dwarf-with-dsym";
				ENABLE_NS_ASSERTIONS = NO;
				ENABLE_STRICT_OBJC_MSGSEND = YES;
				GCC_C_LANGUAGE_STANDARD = gnu11;
				GCC_NO_COMMON_BLOCKS = YES;
				GCC_WARN_64_TO_32_BIT_CONVERSION = YES;
				GCC_WARN_ABOUT_RETURN_TYPE = YES_ERROR;
				GCC_WARN_UNDECLARED_SELECTOR = YES;
				GCC_WARN_UNINITIALIZED_AUTOS = YES_AGGRESSIVE;
				GCC_WARN_UNUSED_FUNCTION = YES;
				GCC_WARN_UNUSED_VARIABLE = YES;
				IPHONEOS_DEPLOYMENT_TARGET = 12.1;
				MTL_ENABLE_DEBUG_INFO = NO;
				MTL_FAST_MATH = YES;
				SDKROOT = iphoneos;
				SWIFT_COMPILATION_MODE = wholemodule;
				SWIFT_OPTIMIZATION_LEVEL = "-O";
				VALIDATE_PRODUCT = YES;
			};
			name = Release;
		};
		AE31181921DE0D9E00F37154 /* Debug */ = {
			isa = XCBuildConfiguration;
			buildSettings = {
				ASSETCATALOG_COMPILER_APPICON_NAME = AppIcon;
				CODE_SIGN_STYLE = Manual;
				DEVELOPMENT_TEAM = "";
				INFOPLIST_FILE = ScrollviewTrivago/Info.plist;
				IPHONEOS_DEPLOYMENT_TARGET = 12.0;
				LD_RUNPATH_SEARCH_PATHS = (
					"$(inherited)",
					"@executable_path/Frameworks",
				);
				PRODUCT_BUNDLE_IDENTIFIER = Winfashion.ScrollviewTrivago;
				PRODUCT_NAME = "$(TARGET_NAME)";
				PROVISIONING_PROFILE_SPECIFIER = "";
				SWIFT_VERSION = 4.2;
				TARGETED_DEVICE_FAMILY = "1,2";
			};
			name = Debug;
		};
		AE31181A21DE0D9E00F37154 /* Release */ = {
			isa = XCBuildConfiguration;
			buildSettings = {
				ASSETCATALOG_COMPILER_APPICON_NAME = AppIcon;
				CODE_SIGN_STYLE = Manual;
				DEVELOPMENT_TEAM = "";
				INFOPLIST_FILE = ScrollviewTrivago/Info.plist;
				IPHONEOS_DEPLOYMENT_TARGET = 12.0;
				LD_RUNPATH_SEARCH_PATHS = (
					"$(inherited)",
					"@executable_path/Frameworks",
				);
				PRODUCT_BUNDLE_IDENTIFIER = Winfashion.ScrollviewTrivago;
				PRODUCT_NAME = "$(TARGET_NAME)";
				PROVISIONING_PROFILE_SPECIFIER = "";
				SWIFT_VERSION = 4.2;
				TARGETED_DEVICE_FAMILY = "1,2";
			};
			name = Release;
		};
/* End XCBuildConfiguration section */

/* Begin XCConfigurationList section */
		AE31180121DE0D9C00F37154 /* Build configuration list for PBXProject "ScrollviewTrivago" */ = {
			isa = XCConfigurationList;
			buildConfigurations = (
				AE31181621DE0D9E00F37154 /* Debug */,
				AE31181721DE0D9E00F37154 /* Release */,
			);
			defaultConfigurationIsVisible = 0;
			defaultConfigurationName = Release;
		};
		AE31181821DE0D9E00F37154 /* Build configuration list for PBXNativeTarget "ScrollviewTrivago" */ = {
			isa = XCConfigurationList;
			buildConfigurations = (
				AE31181921DE0D9E00F37154 /* Debug */,
				AE31181A21DE0D9E00F37154 /* Release */,
			);
			defaultConfigurationIsVisible = 0;
			defaultConfigurationName = Release;
		};
/* End XCConfigurationList section */
	};
	rootObject = AE3117FE21DE0D9C00F37154 /* Project object */;
}
